Microsoft Visual Studio Solution File, Format Version 12.00
# Visual Studio 15
VisualStudioVersion = 15.0.26430.13
MinimumVisualStudioVersion = 10.0.40219.1
Project("{2150E333-8FDC-42A3-9474-1A3956D46DE8}") = "Libraries", "Libraries", "{08CA4EC8-8C67-4325-A09B-95E4B4ABFA05}"
EndProject
Project("{2150E333-8FDC-42A3-9474-1A3956D46DE8}") = "Tests", "Tests", "{98B921B7-5B2A-4E33-941F-119E72DF1908}"
EndProject
Project("{FAE04EC0-301F-11D3-BF4B-00C04F79EFBC}") = "SecureHttpClient.TestRunner.Android", "SecureHttpClient.TestRunner.Android\SecureHttpClient.TestRunner.Android.csproj", "{5C9E2D3F-3E93-4F95-8A29-80055BD1D15A}"
EndProject
Project("{9A19103F-16F7-4668-BE54-9A1E7A4F7556}") = "SecureHttpClient.TestRunner.Net", "SecureHttpClient.TestRunner.Net\SecureHttpClient.TestRunner.Net.csproj", "{D52770C2-BAB3-4E25-8787-45CC74177A95}"
EndProject
Project("{9A19103F-16F7-4668-BE54-9A1E7A4F7556}") = "SecureHttpClient.Test", "SecureHttpClient.Test\SecureHttpClient.Test.csproj", "{503B71DB-1CCA-49CA-8C2F-7FAA87B5520A}"
EndProject
Project("{FAE04EC0-301F-11D3-BF4B-00C04F79EFBC}") = "SecureHttpClient.TestRunner.iOS", "SecureHttpClient.TestRunner.iOS\SecureHttpClient.TestRunner.iOS.csproj", "{B38723F0-E81C-4DB7-B362-FFEA31E2BDCB}"
EndProject
Project("{FAE04EC0-301F-11D3-BF4B-00C04F79EFBC}") = "SecureHttpClient", "SecureHttpClient\SecureHttpClient.csproj", "{F30E01E7-A9DB-4E37-9E23-2E8A38E309EB}"
EndProject
Global
	GlobalSection(SolutionConfigurationPlatforms) = preSolution
		Ad-Hoc|Any CPU = Ad-Hoc|Any CPU
		Ad-Hoc|iPhone = Ad-Hoc|iPhone
		Ad-Hoc|iPhoneSimulator = Ad-Hoc|iPhoneSimulator
		AppStore|Any CPU = AppStore|Any CPU
		AppStore|iPhone = AppStore|iPhone
		AppStore|iPhoneSimulator = AppStore|iPhoneSimulator
		Debug|Any CPU = Debug|Any CPU
		Debug|iPhone = Debug|iPhone
		Debug|iPhoneSimulator = Debug|iPhoneSimulator
		Release|Any CPU = Release|Any CPU
		Release|iPhone = Release|iPhone
		Release|iPhoneSimulator = Release|iPhoneSimulator
	EndGlobalSection
	GlobalSection(ProjectConfigurationPlatforms) = postSolution
		{5C9E2D3F-3E93-4F95-8A29-80055BD1D15A}.Ad-Hoc|Any CPU.ActiveCfg = Release|Any CPU
		{5C9E2D3F-3E93-4F95-8A29-80055BD1D15A}.Ad-Hoc|Any CPU.Build.0 = Release|Any CPU
		{5C9E2D3F-3E93-4F95-8A29-80055BD1D15A}.Ad-Hoc|Any CPU.Deploy.0 = Release|Any CPU
		{5C9E2D3F-3E93-4F95-8A29-80055BD1D15A}.Ad-Hoc|iPhone.ActiveCfg = Release|Any CPU
		{5C9E2D3F-3E93-4F95-8A29-80055BD1D15A}.Ad-Hoc|iPhone.Build.0 = Release|Any CPU
		{5C9E2D3F-3E93-4F95-8A29-80055BD1D15A}.Ad-Hoc|iPhone.Deploy.0 = Release|Any CPU
		{5C9E2D3F-3E93-4F95-8A29-80055BD1D15A}.Ad-Hoc|iPhoneSimulator.ActiveCfg = Release|Any CPU
		{5C9E2D3F-3E93-4F95-8A29-80055BD1D15A}.Ad-Hoc|iPhoneSimulator.Build.0 = Release|Any CPU
		{5C9E2D3F-3E93-4F95-8A29-80055BD1D15A}.Ad-Hoc|iPhoneSimulator.Deploy.0 = Release|Any CPU
		{5C9E2D3F-3E93-4F95-8A29-80055BD1D15A}.AppStore|Any CPU.ActiveCfg = Release|Any CPU
		{5C9E2D3F-3E93-4F95-8A29-80055BD1D15A}.AppStore|Any CPU.Build.0 = Release|Any CPU
		{5C9E2D3F-3E93-4F95-8A29-80055BD1D15A}.AppStore|Any CPU.Deploy.0 = Release|Any CPU
		{5C9E2D3F-3E93-4F95-8A29-80055BD1D15A}.AppStore|iPhone.ActiveCfg = Release|Any CPU
		{5C9E2D3F-3E93-4F95-8A29-80055BD1D15A}.AppStore|iPhone.Build.0 = Release|Any CPU
		{5C9E2D3F-3E93-4F95-8A29-80055BD1D15A}.AppStore|iPhone.Deploy.0 = Release|Any CPU
		{5C9E2D3F-3E93-4F95-8A29-80055BD1D15A}.AppStore|iPhoneSimulator.ActiveCfg = Release|Any CPU
		{5C9E2D3F-3E93-4F95-8A29-80055BD1D15A}.AppStore|iPhoneSimulator.Build.0 = Release|Any CPU
		{5C9E2D3F-3E93-4F95-8A29-80055BD1D15A}.AppStore|iPhoneSimulator.Deploy.0 = Release|Any CPU
		{5C9E2D3F-3E93-4F95-8A29-80055BD1D15A}.Debug|Any CPU.ActiveCfg = Debug|Any CPU
		{5C9E2D3F-3E93-4F95-8A29-80055BD1D15A}.Debug|Any CPU.Build.0 = Debug|Any CPU
		{5C9E2D3F-3E93-4F95-8A29-80055BD1D15A}.Debug|Any CPU.Deploy.0 = Debug|Any CPU
		{5C9E2D3F-3E93-4F95-8A29-80055BD1D15A}.Debug|iPhone.ActiveCfg = Debug|Any CPU
		{5C9E2D3F-3E93-4F95-8A29-80055BD1D15A}.Debug|iPhone.Build.0 = Debug|Any CPU
		{5C9E2D3F-3E93-4F95-8A29-80055BD1D15A}.Debug|iPhone.Deploy.0 = Debug|Any CPU
		{5C9E2D3F-3E93-4F95-8A29-80055BD1D15A}.Debug|iPhoneSimulator.ActiveCfg = Debug|Any CPU
		{5C9E2D3F-3E93-4F95-8A29-80055BD1D15A}.Debug|iPhoneSimulator.Build.0 = Debug|Any CPU
		{5C9E2D3F-3E93-4F95-8A29-80055BD1D15A}.Debug|iPhoneSimulator.Deploy.0 = Debug|Any CPU
		{5C9E2D3F-3E93-4F95-8A29-80055BD1D15A}.Release|Any CPU.ActiveCfg = Release|Any CPU
		{5C9E2D3F-3E93-4F95-8A29-80055BD1D15A}.Release|Any CPU.Build.0 = Release|Any CPU
		{5C9E2D3F-3E93-4F95-8A29-80055BD1D15A}.Release|Any CPU.Deploy.0 = Release|Any CPU
		{5C9E2D3F-3E93-4F95-8A29-80055BD1D15A}.Release|iPhone.ActiveCfg = Release|Any CPU
		{5C9E2D3F-3E93-4F95-8A29-80055BD1D15A}.Release|iPhone.Build.0 = Release|Any CPU
		{5C9E2D3F-3E93-4F95-8A29-80055BD1D15A}.Release|iPhone.Deploy.0 = Release|Any CPU
		{5C9E2D3F-3E93-4F95-8A29-80055BD1D15A}.Release|iPhoneSimulator.ActiveCfg = Release|Any CPU
		{5C9E2D3F-3E93-4F95-8A29-80055BD1D15A}.Release|iPhoneSimulator.Build.0 = Release|Any CPU
		{5C9E2D3F-3E93-4F95-8A29-80055BD1D15A}.Release|iPhoneSimulator.Deploy.0 = Release|Any CPU
		{D52770C2-BAB3-4E25-8787-45CC74177A95}.Ad-Hoc|Any CPU.ActiveCfg = Debug|Any CPU
		{D52770C2-BAB3-4E25-8787-45CC74177A95}.Ad-Hoc|Any CPU.Build.0 = Debug|Any CPU
		{D52770C2-BAB3-4E25-8787-45CC74177A95}.Ad-Hoc|iPhone.ActiveCfg = Debug|Any CPU
		{D52770C2-BAB3-4E25-8787-45CC74177A95}.Ad-Hoc|iPhone.Build.0 = Debug|Any CPU
		{D52770C2-BAB3-4E25-8787-45CC74177A95}.Ad-Hoc|iPhoneSimulator.ActiveCfg = Debug|Any CPU
		{D52770C2-BAB3-4E25-8787-45CC74177A95}.Ad-Hoc|iPhoneSimulator.Build.0 = Debug|Any CPU
		{D52770C2-BAB3-4E25-8787-45CC74177A95}.AppStore|Any CPU.ActiveCfg = Debug|Any CPU
		{D52770C2-BAB3-4E25-8787-45CC74177A95}.AppStore|Any CPU.Build.0 = Debug|Any CPU
		{D52770C2-BAB3-4E25-8787-45CC74177A95}.AppStore|iPhone.ActiveCfg = Debug|Any CPU
		{D52770C2-BAB3-4E25-8787-45CC74177A95}.AppStore|iPhone.Build.0 = Debug|Any CPU
		{D52770C2-BAB3-4E25-8787-45CC74177A95}.AppStore|iPhoneSimulator.ActiveCfg = Debug|Any CPU
		{D52770C2-BAB3-4E25-8787-45CC74177A95}.AppStore|iPhoneSimulator.Build.0 = Debug|Any CPU
		{D52770C2-BAB3-4E25-8787-45CC74177A95}.Debug|Any CPU.ActiveCfg = Debug|Any CPU
		{D52770C2-BAB3-4E25-8787-45CC74177A95}.Debug|Any CPU.Build.0 = Debug|Any CPU
		{D52770C2-BAB3-4E25-8787-45CC74177A95}.Debug|iPhone.ActiveCfg = Debug|Any CPU
		{D52770C2-BAB3-4E25-8787-45CC74177A95}.Debug|iPhone.Build.0 = Debug|Any CPU
		{D52770C2-BAB3-4E25-8787-45CC74177A95}.Debug|iPhoneSimulator.ActiveCfg = Debug|Any CPU
		{D52770C2-BAB3-4E25-8787-45CC74177A95}.Debug|iPhoneSimulator.Build.0 = Debug|Any CPU
		{D52770C2-BAB3-4E25-8787-45CC74177A95}.Release|Any CPU.ActiveCfg = Release|Any CPU
		{D52770C2-BAB3-4E25-8787-45CC74177A95}.Release|Any CPU.Build.0 = Release|Any CPU
		{D52770C2-BAB3-4E25-8787-45CC74177A95}.Release|iPhone.ActiveCfg = Release|Any CPU
		{D52770C2-BAB3-4E25-8787-45CC74177A95}.Release|iPhone.Build.0 = Release|Any CPU
		{D52770C2-BAB3-4E25-8787-45CC74177A95}.Release|iPhoneSimulator.ActiveCfg = Release|Any CPU
		{D52770C2-BAB3-4E25-8787-45CC74177A95}.Release|iPhoneSimulator.Build.0 = Release|Any CPU
		{503B71DB-1CCA-49CA-8C2F-7FAA87B5520A}.Ad-Hoc|Any CPU.ActiveCfg = Release|Any CPU
		{503B71DB-1CCA-49CA-8C2F-7FAA87B5520A}.Ad-Hoc|Any CPU.Build.0 = Release|Any CPU
		{503B71DB-1CCA-49CA-8C2F-7FAA87B5520A}.Ad-Hoc|iPhone.ActiveCfg = Release|Any CPU
		{503B71DB-1CCA-49CA-8C2F-7FAA87B5520A}.Ad-Hoc|iPhone.Build.0 = Release|Any CPU
		{503B71DB-1CCA-49CA-8C2F-7FAA87B5520A}.Ad-Hoc|iPhoneSimulator.ActiveCfg = Release|Any CPU
		{503B71DB-1CCA-49CA-8C2F-7FAA87B5520A}.Ad-Hoc|iPhoneSimulator.Build.0 = Release|Any CPU
		{503B71DB-1CCA-49CA-8C2F-7FAA87B5520A}.AppStore|Any CPU.ActiveCfg = Release|Any CPU
		{503B71DB-1CCA-49CA-8C2F-7FAA87B5520A}.AppStore|Any CPU.Build.0 = Release|Any CPU
		{503B71DB-1CCA-49CA-8C2F-7FAA87B5520A}.AppStore|iPhone.ActiveCfg = Release|Any CPU
		{503B71DB-1CCA-49CA-8C2F-7FAA87B5520A}.AppStore|iPhone.Build.0 = Release|Any CPU
		{503B71DB-1CCA-49CA-8C2F-7FAA87B5520A}.AppStore|iPhoneSimulator.ActiveCfg = Release|Any CPU
		{503B71DB-1CCA-49CA-8C2F-7FAA87B5520A}.AppStore|iPhoneSimulator.Build.0 = Release|Any CPU
		{503B71DB-1CCA-49CA-8C2F-7FAA87B5520A}.Debug|Any CPU.ActiveCfg = Debug|Any CPU
		{503B71DB-1CCA-49CA-8C2F-7FAA87B5520A}.Debug|Any CPU.Build.0 = Debug|Any CPU
		{503B71DB-1CCA-49CA-8C2F-7FAA87B5520A}.Debug|iPhone.ActiveCfg = Debug|Any CPU
		{503B71DB-1CCA-49CA-8C2F-7FAA87B5520A}.Debug|iPhone.Build.0 = Debug|Any CPU
		{503B71DB-1CCA-49CA-8C2F-7FAA87B5520A}.Debug|iPhoneSimulator.ActiveCfg = Debug|Any CPU
		{503B71DB-1CCA-49CA-8C2F-7FAA87B5520A}.Debug|iPhoneSimulator.Build.0 = Debug|Any CPU
		{503B71DB-1CCA-49CA-8C2F-7FAA87B5520A}.Release|Any CPU.ActiveCfg = Release|Any CPU
		{503B71DB-1CCA-49CA-8C2F-7FAA87B5520A}.Release|Any CPU.Build.0 = Release|Any CPU
		{503B71DB-1CCA-49CA-8C2F-7FAA87B5520A}.Release|iPhone.ActiveCfg = Release|Any CPU
		{503B71DB-1CCA-49CA-8C2F-7FAA87B5520A}.Release|iPhone.Build.0 = Release|Any CPU
		{503B71DB-1CCA-49CA-8C2F-7FAA87B5520A}.Release|iPhoneSimulator.ActiveCfg = Release|Any CPU
		{503B71DB-1CCA-49CA-8C2F-7FAA87B5520A}.Release|iPhoneSimulator.Build.0 = Release|Any CPU
		{B38723F0-E81C-4DB7-B362-FFEA31E2BDCB}.Ad-Hoc|Any CPU.ActiveCfg = Ad-Hoc|iPhone
		{B38723F0-E81C-4DB7-B362-FFEA31E2BDCB}.Ad-Hoc|iPhone.ActiveCfg = Ad-Hoc|iPhone
		{B38723F0-E81C-4DB7-B362-FFEA31E2BDCB}.Ad-Hoc|iPhone.Build.0 = Ad-Hoc|iPhone
		{B38723F0-E81C-4DB7-B362-FFEA31E2BDCB}.Ad-Hoc|iPhoneSimulator.ActiveCfg = Ad-Hoc|iPhoneSimulator
		{B38723F0-E81C-4DB7-B362-FFEA31E2BDCB}.Ad-Hoc|iPhoneSimulator.Build.0 = Ad-Hoc|iPhoneSimulator
		{B38723F0-E81C-4DB7-B362-FFEA31E2BDCB}.AppStore|Any CPU.ActiveCfg = AppStore|iPhone
		{B38723F0-E81C-4DB7-B362-FFEA31E2BDCB}.AppStore|iPhone.ActiveCfg = AppStore|iPhone
		{B38723F0-E81C-4DB7-B362-FFEA31E2BDCB}.AppStore|iPhone.Build.0 = AppStore|iPhone
		{B38723F0-E81C-4DB7-B362-FFEA31E2BDCB}.AppStore|iPhoneSimulator.ActiveCfg = AppStore|iPhoneSimulator
		{B38723F0-E81C-4DB7-B362-FFEA31E2BDCB}.AppStore|iPhoneSimulator.Build.0 = AppStore|iPhoneSimulator
		{B38723F0-E81C-4DB7-B362-FFEA31E2BDCB}.Debug|Any CPU.ActiveCfg = Debug|iPhoneSimulator
		{B38723F0-E81C-4DB7-B362-FFEA31E2BDCB}.Debug|Any CPU.Build.0 = Debug|iPhoneSimulator
		{B38723F0-E81C-4DB7-B362-FFEA31E2BDCB}.Debug|iPhone.ActiveCfg = Debug|iPhoneSimulator
		{B38723F0-E81C-4DB7-B362-FFEA31E2BDCB}.Debug|iPhone.Build.0 = Debug|iPhoneSimulator
		{B38723F0-E81C-4DB7-B362-FFEA31E2BDCB}.Debug|iPhoneSimulator.ActiveCfg = Debug|iPhoneSimulator
		{B38723F0-E81C-4DB7-B362-FFEA31E2BDCB}.Debug|iPhoneSimulator.Build.0 = Debug|iPhoneSimulator
		{B38723F0-E81C-4DB7-B362-FFEA31E2BDCB}.Release|Any CPU.ActiveCfg = Release|iPhone
		{B38723F0-E81C-4DB7-B362-FFEA31E2BDCB}.Release|iPhone.ActiveCfg = Release|iPhone
		{B38723F0-E81C-4DB7-B362-FFEA31E2BDCB}.Release|iPhone.Build.0 = Release|iPhone
		{B38723F0-E81C-4DB7-B362-FFEA31E2BDCB}.Release|iPhoneSimulator.ActiveCfg = Release|iPhoneSimulator
		{B38723F0-E81C-4DB7-B362-FFEA31E2BDCB}.Release|iPhoneSimulator.Build.0 = Release|iPhoneSimulator
		{F30E01E7-A9DB-4E37-9E23-2E8A38E309EB}.Ad-Hoc|Any CPU.ActiveCfg = Debug|Any CPU
		{F30E01E7-A9DB-4E37-9E23-2E8A38E309EB}.Ad-Hoc|Any CPU.Build.0 = Debug|Any CPU
		{F30E01E7-A9DB-4E37-9E23-2E8A38E309EB}.Ad-Hoc|iPhone.ActiveCfg = Debug|Any CPU
		{F30E01E7-A9DB-4E37-9E23-2E8A38E309EB}.Ad-Hoc|iPhone.Build.0 = Debug|Any CPU
		{F30E01E7-A9DB-4E37-9E23-2E8A38E309EB}.Ad-Hoc|iPhoneSimulator.ActiveCfg = Debug|Any CPU
		{F30E01E7-A9DB-4E37-9E23-2E8A38E309EB}.Ad-Hoc|iPhoneSimulator.Build.0 = Debug|Any CPU
		{F30E01E7-A9DB-4E37-9E23-2E8A38E309EB}.AppStore|Any CPU.ActiveCfg = Debug|Any CPU
		{F30E01E7-A9DB-4E37-9E23-2E8A38E309EB}.AppStore|Any CPU.Build.0 = Debug|Any CPU
		{F30E01E7-A9DB-4E37-9E23-2E8A38E309EB}.AppStore|iPhone.ActiveCfg = Debug|Any CPU
		{F30E01E7-A9DB-4E37-9E23-2E8A38E309EB}.AppStore|iPhone.Build.0 = Debug|Any CPU
		{F30E01E7-A9DB-4E37-9E23-2E8A38E309EB}.AppStore|iPhoneSimulator.ActiveCfg = Debug|Any CPU
		{F30E01E7-A9DB-4E37-9E23-2E8A38E309EB}.AppStore|iPhoneSimulator.Build.0 = Debug|Any CPU
		{F30E01E7-A9DB-4E37-9E23-2E8A38E309EB}.Debug|Any CPU.ActiveCfg = Debug|Any CPU
		{F30E01E7-A9DB-4E37-9E23-2E8A38E309EB}.Debug|Any CPU.Build.0 = Debug|Any CPU
		{F30E01E7-A9DB-4E37-9E23-2E8A38E309EB}.Debug|iPhone.ActiveCfg = Debug|Any CPU
		{F30E01E7-A9DB-4E37-9E23-2E8A38E309EB}.Debug|iPhone.Build.0 = Debug|Any CPU
		{F30E01E7-A9DB-4E37-9E23-2E8A38E309EB}.Debug|iPhoneSimulator.ActiveCfg = Debug|Any CPU
		{F30E01E7-A9DB-4E37-9E23-2E8A38E309EB}.Debug|iPhoneSimulator.Build.0 = Debug|Any CPU
		{F30E01E7-A9DB-4E37-9E23-2E8A38E309EB}.Release|Any CPU.ActiveCfg = Release|Any CPU
		{F30E01E7-A9DB-4E37-9E23-2E8A38E309EB}.Release|Any CPU.Build.0 = Release|Any CPU
		{F30E01E7-A9DB-4E37-9E23-2E8A38E309EB}.Release|iPhone.ActiveCfg = Release|Any CPU
		{F30E01E7-A9DB-4E37-9E23-2E8A38E309EB}.Release|iPhone.Build.0 = Release|Any CPU
		{F30E01E7-A9DB-4E37-9E23-2E8A38E309EB}.Release|iPhoneSimulator.ActiveCfg = Release|Any CPU
		{F30E01E7-A9DB-4E37-9E23-2E8A38E309EB}.Release|iPhoneSimulator.Build.0 = Release|Any CPU
	EndGlobalSection
	GlobalSection(SolutionProperties) = preSolution
		HideSolutionNode = FALSE
	EndGlobalSection
	GlobalSection(NestedProjects) = preSolution
		{5C9E2D3F-3E93-4F95-8A29-80055BD1D15A} = {98B921B7-5B2A-4E33-941F-119E72DF1908}
		{D52770C2-BAB3-4E25-8787-45CC74177A95} = {98B921B7-5B2A-4E33-941F-119E72DF1908}
		{503B71DB-1CCA-49CA-8C2F-7FAA87B5520A} = {98B921B7-5B2A-4E33-941F-119E72DF1908}
		{B38723F0-E81C-4DB7-B362-FFEA31E2BDCB} = {98B921B7-5B2A-4E33-941F-119E72DF1908}
		{F30E01E7-A9DB-4E37-9E23-2E8A38E309EB} = {08CA4EC8-8C67-4325-A09B-95E4B4ABFA05}
	EndGlobalSection
	GlobalSection(ExtensibilityGlobals) = postSolution
		SolutionGuid = {2D808F29-FA94-47AE-A112-BEF721E47F86}
	EndGlobalSection
	GlobalSection(MonoDevelopProperties) = preSolution
		Policies = $0
		$0.DotNetNamingPolicy = $1
		$1.DirectoryNamespaceAssociation = PrefixedHierarchical
		$1.ResourceNamePolicy = FileFormatDefault
		$0.TextStylePolicy = $4
		$2.inheritsSet = null
		$2.scope = text/x-csharp
		$0.CSharpFormattingPolicy = $3
		$3.AutoPropertyFormatting = ForceOneLine
		$3.IndentPreprocessorDirectives = False
		$3.PropertyBraceStyle = NextLine
		$3.EventBraceStyle = NextLine
		$3.EmbeddedStatementPlacement = SameLine
		$3.ArrayInitializerBraceStyle = NextLine
		$3.BeforeMethodDeclarationParentheses = False
		$3.BeforeMethodCallParentheses = False
		$3.BeforeConstructorDeclarationParentheses = False
		$3.BeforeIndexerDeclarationBracket = False
		$3.BeforeDelegateDeclarationParentheses = False
		$3.AfterDelegateDeclarationParameterComma = True
		$3.NewParentheses = False
		$3.SpacesBeforeBrackets = False
		$3.AlignToFirstMethodDeclarationParameter = False
		$3.AlignToFirstIndexerDeclarationParameter = False
		$3.inheritsSet = Mono
		$3.inheritsScope = text/x-csharp
		$3.scope = text/x-csharp
		$4.FileWidth = 120
		$4.inheritsSet = VisualStudio
		$4.inheritsScope = text/plain
		$4.scope = text/plain
	EndGlobalSection
EndGlobal
