Microsoft Visual Studio Solution File, Format Version 12.00
# Visual Studio Version 17
VisualStudioVersion = 17.0.31808.319
MinimumVisualStudioVersion = 10.0.40219.1
Project("{2150E333-8FDC-42A3-9474-1A3956D46DE8}") = "Libraries", "Libraries", "{08CA4EC8-8C67-4325-A09B-95E4B4ABFA05}"
EndProject
Project("{2150E333-8FDC-42A3-9474-1A3956D46DE8}") = "Tests", "Tests", "{98B921B7-5B2A-4E33-941F-119E72DF1908}"
EndProject
Project("{9A19103F-16F7-4668-BE54-9A1E7A4F7556}") = "SecureHttpClient.Test", "SecureHttpClient.Test\SecureHttpClient.Test.csproj", "{503B71DB-1CCA-49CA-8C2F-7FAA87B5520A}"
EndProject
Project("{9A19103F-16F7-4668-BE54-9A1E7A4F7556}") = "SecureHttpClient", "SecureHttpClient\SecureHttpClient.csproj", "{F30E01E7-A9DB-4E37-9E23-2E8A38E309EB}"
	ProjectSection(ProjectDependencies) = postProject
		{53117652-4EF0-4378-B285-BFDF42947291} = {53117652-4EF0-4378-B285-BFDF42947291}
	EndProjectSection
EndProject
Project("{2150E333-8FDC-42A3-9474-1A3956D46DE8}") = "Build", "Build", "{660924B3-5808-46CA-A170-062605939D7A}"
	ProjectSection(SolutionItems) = preProject
		CHANGELOG.md = CHANGELOG.md
		scripts\clean.bat = scripts\clean.bat
		Directory.Build.props = Directory.Build.props
		Directory.Build.targets = Directory.Build.targets
		global.json = global.json
		build\LinkerConfigTest.xml = build\LinkerConfigTest.xml
		scripts\nuget_pack.bat = scripts\nuget_pack.bat
		build\Proguard.cfg = build\Proguard.cfg
		README.md = README.md
		build\SecureHttpClient.targets = build\SecureHttpClient.targets
		version.txt = version.txt
	EndProjectSection
EndProject
Project("{FAE04EC0-301F-11D3-BF4B-00C04F79EFBC}") = "SecureHttpClient.OkHttp", "SecureHttpClient.OkHttp\SecureHttpClient.OkHttp.csproj", "{53117652-4EF0-4378-B285-BFDF42947291}"
EndProject
Global
	GlobalSection(SolutionConfigurationPlatforms) = preSolution
		Ad-Hoc|Any CPU = Ad-Hoc|Any CPU
		Ad-Hoc|ARM = Ad-Hoc|ARM
		Ad-Hoc|ARM64 = Ad-Hoc|ARM64
		Ad-Hoc|iPhone = Ad-Hoc|iPhone
		Ad-Hoc|iPhoneSimulator = Ad-Hoc|iPhoneSimulator
		Ad-Hoc|x64 = Ad-Hoc|x64
		Ad-Hoc|x86 = Ad-Hoc|x86
		AppStore|Any CPU = AppStore|Any CPU
		AppStore|ARM = AppStore|ARM
		AppStore|ARM64 = AppStore|ARM64
		AppStore|iPhone = AppStore|iPhone
		AppStore|iPhoneSimulator = AppStore|iPhoneSimulator
		AppStore|x64 = AppStore|x64
		AppStore|x86 = AppStore|x86
		Debug|Any CPU = Debug|Any CPU
		Debug|ARM = Debug|ARM
		Debug|ARM64 = Debug|ARM64
		Debug|iPhone = Debug|iPhone
		Debug|iPhoneSimulator = Debug|iPhoneSimulator
		Debug|x64 = Debug|x64
		Debug|x86 = Debug|x86
		Release|Any CPU = Release|Any CPU
		Release|ARM = Release|ARM
		Release|ARM64 = Release|ARM64
		Release|iPhone = Release|iPhone
		Release|iPhoneSimulator = Release|iPhoneSimulator
		Release|x64 = Release|x64
		Release|x86 = Release|x86
	EndGlobalSection
	GlobalSection(ProjectConfigurationPlatforms) = postSolution
		{503B71DB-1CCA-49CA-8C2F-7FAA87B5520A}.Ad-Hoc|Any CPU.ActiveCfg = Release|Any CPU
		{503B71DB-1CCA-49CA-8C2F-7FAA87B5520A}.Ad-Hoc|Any CPU.Build.0 = Release|Any CPU
		{503B71DB-1CCA-49CA-8C2F-7FAA87B5520A}.Ad-Hoc|ARM.ActiveCfg = Debug|Any CPU
		{503B71DB-1CCA-49CA-8C2F-7FAA87B5520A}.Ad-Hoc|ARM.Build.0 = Debug|Any CPU
		{503B71DB-1CCA-49CA-8C2F-7FAA87B5520A}.Ad-Hoc|ARM64.ActiveCfg = Debug|Any CPU
		{503B71DB-1CCA-49CA-8C2F-7FAA87B5520A}.Ad-Hoc|ARM64.Build.0 = Debug|Any CPU
		{503B71DB-1CCA-49CA-8C2F-7FAA87B5520A}.Ad-Hoc|iPhone.ActiveCfg = Release|Any CPU
		{503B71DB-1CCA-49CA-8C2F-7FAA87B5520A}.Ad-Hoc|iPhone.Build.0 = Release|Any CPU
		{503B71DB-1CCA-49CA-8C2F-7FAA87B5520A}.Ad-Hoc|iPhoneSimulator.ActiveCfg = Release|Any CPU
		{503B71DB-1CCA-49CA-8C2F-7FAA87B5520A}.Ad-Hoc|iPhoneSimulator.Build.0 = Release|Any CPU
		{503B71DB-1CCA-49CA-8C2F-7FAA87B5520A}.Ad-Hoc|x64.ActiveCfg = Debug|Any CPU
		{503B71DB-1CCA-49CA-8C2F-7FAA87B5520A}.Ad-Hoc|x64.Build.0 = Debug|Any CPU
		{503B71DB-1CCA-49CA-8C2F-7FAA87B5520A}.Ad-Hoc|x86.ActiveCfg = Debug|Any CPU
		{503B71DB-1CCA-49CA-8C2F-7FAA87B5520A}.Ad-Hoc|x86.Build.0 = Debug|Any CPU
		{503B71DB-1CCA-49CA-8C2F-7FAA87B5520A}.AppStore|Any CPU.ActiveCfg = Release|Any CPU
		{503B71DB-1CCA-49CA-8C2F-7FAA87B5520A}.AppStore|Any CPU.Build.0 = Release|Any CPU
		{503B71DB-1CCA-49CA-8C2F-7FAA87B5520A}.AppStore|ARM.ActiveCfg = Debug|Any CPU
		{503B71DB-1CCA-49CA-8C2F-7FAA87B5520A}.AppStore|ARM.Build.0 = Debug|Any CPU
		{503B71DB-1CCA-49CA-8C2F-7FAA87B5520A}.AppStore|ARM64.ActiveCfg = Debug|Any CPU
		{503B71DB-1CCA-49CA-8C2F-7FAA87B5520A}.AppStore|ARM64.Build.0 = Debug|Any CPU
		{503B71DB-1CCA-49CA-8C2F-7FAA87B5520A}.AppStore|iPhone.ActiveCfg = Release|Any CPU
		{503B71DB-1CCA-49CA-8C2F-7FAA87B5520A}.AppStore|iPhone.Build.0 = Release|Any CPU
		{503B71DB-1CCA-49CA-8C2F-7FAA87B5520A}.AppStore|iPhoneSimulator.ActiveCfg = Release|Any CPU
		{503B71DB-1CCA-49CA-8C2F-7FAA87B5520A}.AppStore|iPhoneSimulator.Build.0 = Release|Any CPU
		{503B71DB-1CCA-49CA-8C2F-7FAA87B5520A}.AppStore|x64.ActiveCfg = Debug|Any CPU
		{503B71DB-1CCA-49CA-8C2F-7FAA87B5520A}.AppStore|x64.Build.0 = Debug|Any CPU
		{503B71DB-1CCA-49CA-8C2F-7FAA87B5520A}.AppStore|x86.ActiveCfg = Debug|Any CPU
		{503B71DB-1CCA-49CA-8C2F-7FAA87B5520A}.AppStore|x86.Build.0 = Debug|Any CPU
		{503B71DB-1CCA-49CA-8C2F-7FAA87B5520A}.Debug|Any CPU.ActiveCfg = Debug|Any CPU
		{503B71DB-1CCA-49CA-8C2F-7FAA87B5520A}.Debug|Any CPU.Build.0 = Debug|Any CPU
		{503B71DB-1CCA-49CA-8C2F-7FAA87B5520A}.Debug|ARM.ActiveCfg = Debug|Any CPU
		{503B71DB-1CCA-49CA-8C2F-7FAA87B5520A}.Debug|ARM.Build.0 = Debug|Any CPU
		{503B71DB-1CCA-49CA-8C2F-7FAA87B5520A}.Debug|ARM64.ActiveCfg = Debug|Any CPU
		{503B71DB-1CCA-49CA-8C2F-7FAA87B5520A}.Debug|ARM64.Build.0 = Debug|Any CPU
		{503B71DB-1CCA-49CA-8C2F-7FAA87B5520A}.Debug|iPhone.ActiveCfg = Debug|Any CPU
		{503B71DB-1CCA-49CA-8C2F-7FAA87B5520A}.Debug|iPhone.Build.0 = Debug|Any CPU
		{503B71DB-1CCA-49CA-8C2F-7FAA87B5520A}.Debug|iPhoneSimulator.ActiveCfg = Debug|Any CPU
		{503B71DB-1CCA-49CA-8C2F-7FAA87B5520A}.Debug|iPhoneSimulator.Build.0 = Debug|Any CPU
		{503B71DB-1CCA-49CA-8C2F-7FAA87B5520A}.Debug|x64.ActiveCfg = Debug|Any CPU
		{503B71DB-1CCA-49CA-8C2F-7FAA87B5520A}.Debug|x64.Build.0 = Debug|Any CPU
		{503B71DB-1CCA-49CA-8C2F-7FAA87B5520A}.Debug|x86.ActiveCfg = Debug|Any CPU
		{503B71DB-1CCA-49CA-8C2F-7FAA87B5520A}.Debug|x86.Build.0 = Debug|Any CPU
		{503B71DB-1CCA-49CA-8C2F-7FAA87B5520A}.Release|Any CPU.ActiveCfg = Release|Any CPU
		{503B71DB-1CCA-49CA-8C2F-7FAA87B5520A}.Release|Any CPU.Build.0 = Release|Any CPU
		{503B71DB-1CCA-49CA-8C2F-7FAA87B5520A}.Release|ARM.ActiveCfg = Release|Any CPU
		{503B71DB-1CCA-49CA-8C2F-7FAA87B5520A}.Release|ARM.Build.0 = Release|Any CPU
		{503B71DB-1CCA-49CA-8C2F-7FAA87B5520A}.Release|ARM64.ActiveCfg = Release|Any CPU
		{503B71DB-1CCA-49CA-8C2F-7FAA87B5520A}.Release|ARM64.Build.0 = Release|Any CPU
		{503B71DB-1CCA-49CA-8C2F-7FAA87B5520A}.Release|iPhone.ActiveCfg = Release|Any CPU
		{503B71DB-1CCA-49CA-8C2F-7FAA87B5520A}.Release|iPhone.Build.0 = Release|Any CPU
		{503B71DB-1CCA-49CA-8C2F-7FAA87B5520A}.Release|iPhoneSimulator.ActiveCfg = Release|Any CPU
		{503B71DB-1CCA-49CA-8C2F-7FAA87B5520A}.Release|iPhoneSimulator.Build.0 = Release|Any CPU
		{503B71DB-1CCA-49CA-8C2F-7FAA87B5520A}.Release|x64.ActiveCfg = Release|Any CPU
		{503B71DB-1CCA-49CA-8C2F-7FAA87B5520A}.Release|x64.Build.0 = Release|Any CPU
		{503B71DB-1CCA-49CA-8C2F-7FAA87B5520A}.Release|x86.ActiveCfg = Release|Any CPU
		{503B71DB-1CCA-49CA-8C2F-7FAA87B5520A}.Release|x86.Build.0 = Release|Any CPU
		{F30E01E7-A9DB-4E37-9E23-2E8A38E309EB}.Ad-Hoc|Any CPU.ActiveCfg = Debug|Any CPU
		{F30E01E7-A9DB-4E37-9E23-2E8A38E309EB}.Ad-Hoc|Any CPU.Build.0 = Debug|Any CPU
		{F30E01E7-A9DB-4E37-9E23-2E8A38E309EB}.Ad-Hoc|ARM.ActiveCfg = Release|Any CPU
		{F30E01E7-A9DB-4E37-9E23-2E8A38E309EB}.Ad-Hoc|ARM.Build.0 = Release|Any CPU
		{F30E01E7-A9DB-4E37-9E23-2E8A38E309EB}.Ad-Hoc|ARM64.ActiveCfg = Release|Any CPU
		{F30E01E7-A9DB-4E37-9E23-2E8A38E309EB}.Ad-Hoc|ARM64.Build.0 = Release|Any CPU
		{F30E01E7-A9DB-4E37-9E23-2E8A38E309EB}.Ad-Hoc|iPhone.ActiveCfg = Debug|Any CPU
		{F30E01E7-A9DB-4E37-9E23-2E8A38E309EB}.Ad-Hoc|iPhone.Build.0 = Debug|Any CPU
		{F30E01E7-A9DB-4E37-9E23-2E8A38E309EB}.Ad-Hoc|iPhoneSimulator.ActiveCfg = Debug|Any CPU
		{F30E01E7-A9DB-4E37-9E23-2E8A38E309EB}.Ad-Hoc|iPhoneSimulator.Build.0 = Debug|Any CPU
		{F30E01E7-A9DB-4E37-9E23-2E8A38E309EB}.Ad-Hoc|x64.ActiveCfg = Release|Any CPU
		{F30E01E7-A9DB-4E37-9E23-2E8A38E309EB}.Ad-Hoc|x64.Build.0 = Release|Any CPU
		{F30E01E7-A9DB-4E37-9E23-2E8A38E309EB}.Ad-Hoc|x86.ActiveCfg = Release|Any CPU
		{F30E01E7-A9DB-4E37-9E23-2E8A38E309EB}.Ad-Hoc|x86.Build.0 = Release|Any CPU
		{F30E01E7-A9DB-4E37-9E23-2E8A38E309EB}.AppStore|Any CPU.ActiveCfg = Debug|Any CPU
		{F30E01E7-A9DB-4E37-9E23-2E8A38E309EB}.AppStore|Any CPU.Build.0 = Debug|Any CPU
		{F30E01E7-A9DB-4E37-9E23-2E8A38E309EB}.AppStore|ARM.ActiveCfg = Release|Any CPU
		{F30E01E7-A9DB-4E37-9E23-2E8A38E309EB}.AppStore|ARM.Build.0 = Release|Any CPU
		{F30E01E7-A9DB-4E37-9E23-2E8A38E309EB}.AppStore|ARM64.ActiveCfg = Release|Any CPU
		{F30E01E7-A9DB-4E37-9E23-2E8A38E309EB}.AppStore|ARM64.Build.0 = Release|Any CPU
		{F30E01E7-A9DB-4E37-9E23-2E8A38E309EB}.AppStore|iPhone.ActiveCfg = Debug|Any CPU
		{F30E01E7-A9DB-4E37-9E23-2E8A38E309EB}.AppStore|iPhone.Build.0 = Debug|Any CPU
		{F30E01E7-A9DB-4E37-9E23-2E8A38E309EB}.AppStore|iPhoneSimulator.ActiveCfg = Debug|Any CPU
		{F30E01E7-A9DB-4E37-9E23-2E8A38E309EB}.AppStore|iPhoneSimulator.Build.0 = Debug|Any CPU
		{F30E01E7-A9DB-4E37-9E23-2E8A38E309EB}.AppStore|x64.ActiveCfg = Release|Any CPU
		{F30E01E7-A9DB-4E37-9E23-2E8A38E309EB}.AppStore|x64.Build.0 = Release|Any CPU
		{F30E01E7-A9DB-4E37-9E23-2E8A38E309EB}.AppStore|x86.ActiveCfg = Release|Any CPU
		{F30E01E7-A9DB-4E37-9E23-2E8A38E309EB}.AppStore|x86.Build.0 = Release|Any CPU
		{F30E01E7-A9DB-4E37-9E23-2E8A38E309EB}.Debug|Any CPU.ActiveCfg = Debug|Any CPU
		{F30E01E7-A9DB-4E37-9E23-2E8A38E309EB}.Debug|Any CPU.Build.0 = Debug|Any CPU
		{F30E01E7-A9DB-4E37-9E23-2E8A38E309EB}.Debug|ARM.ActiveCfg = Debug|Any CPU
		{F30E01E7-A9DB-4E37-9E23-2E8A38E309EB}.Debug|ARM.Build.0 = Debug|Any CPU
		{F30E01E7-A9DB-4E37-9E23-2E8A38E309EB}.Debug|ARM64.ActiveCfg = Debug|Any CPU
		{F30E01E7-A9DB-4E37-9E23-2E8A38E309EB}.Debug|ARM64.Build.0 = Debug|Any CPU
		{F30E01E7-A9DB-4E37-9E23-2E8A38E309EB}.Debug|iPhone.ActiveCfg = Debug|Any CPU
		{F30E01E7-A9DB-4E37-9E23-2E8A38E309EB}.Debug|iPhone.Build.0 = Debug|Any CPU
		{F30E01E7-A9DB-4E37-9E23-2E8A38E309EB}.Debug|iPhoneSimulator.ActiveCfg = Debug|Any CPU
		{F30E01E7-A9DB-4E37-9E23-2E8A38E309EB}.Debug|iPhoneSimulator.Build.0 = Debug|Any CPU
		{F30E01E7-A9DB-4E37-9E23-2E8A38E309EB}.Debug|x64.ActiveCfg = Debug|Any CPU
		{F30E01E7-A9DB-4E37-9E23-2E8A38E309EB}.Debug|x64.Build.0 = Debug|Any CPU
		{F30E01E7-A9DB-4E37-9E23-2E8A38E309EB}.Debug|x86.ActiveCfg = Debug|Any CPU
		{F30E01E7-A9DB-4E37-9E23-2E8A38E309EB}.Debug|x86.Build.0 = Debug|Any CPU
		{F30E01E7-A9DB-4E37-9E23-2E8A38E309EB}.Release|Any CPU.ActiveCfg = Release|Any CPU
		{F30E01E7-A9DB-4E37-9E23-2E8A38E309EB}.Release|Any CPU.Build.0 = Release|Any CPU
		{F30E01E7-A9DB-4E37-9E23-2E8A38E309EB}.Release|ARM.ActiveCfg = Release|Any CPU
		{F30E01E7-A9DB-4E37-9E23-2E8A38E309EB}.Release|ARM.Build.0 = Release|Any CPU
		{F30E01E7-A9DB-4E37-9E23-2E8A38E309EB}.Release|ARM64.ActiveCfg = Release|Any CPU
		{F30E01E7-A9DB-4E37-9E23-2E8A38E309EB}.Release|ARM64.Build.0 = Release|Any CPU
		{F30E01E7-A9DB-4E37-9E23-2E8A38E309EB}.Release|iPhone.ActiveCfg = Release|Any CPU
		{F30E01E7-A9DB-4E37-9E23-2E8A38E309EB}.Release|iPhone.Build.0 = Release|Any CPU
		{F30E01E7-A9DB-4E37-9E23-2E8A38E309EB}.Release|iPhoneSimulator.ActiveCfg = Release|Any CPU
		{F30E01E7-A9DB-4E37-9E23-2E8A38E309EB}.Release|iPhoneSimulator.Build.0 = Release|Any CPU
		{F30E01E7-A9DB-4E37-9E23-2E8A38E309EB}.Release|x64.ActiveCfg = Release|Any CPU
		{F30E01E7-A9DB-4E37-9E23-2E8A38E309EB}.Release|x64.Build.0 = Release|Any CPU
		{F30E01E7-A9DB-4E37-9E23-2E8A38E309EB}.Release|x86.ActiveCfg = Release|Any CPU
		{F30E01E7-A9DB-4E37-9E23-2E8A38E309EB}.Release|x86.Build.0 = Release|Any CPU
		{53117652-4EF0-4378-B285-BFDF42947291}.Ad-Hoc|Any CPU.ActiveCfg = Debug|Any CPU
		{53117652-4EF0-4378-B285-BFDF42947291}.Ad-Hoc|Any CPU.Build.0 = Debug|Any CPU
		{53117652-4EF0-4378-B285-BFDF42947291}.Ad-Hoc|ARM.ActiveCfg = Debug|Any CPU
		{53117652-4EF0-4378-B285-BFDF42947291}.Ad-Hoc|ARM.Build.0 = Debug|Any CPU
		{53117652-4EF0-4378-B285-BFDF42947291}.Ad-Hoc|ARM64.ActiveCfg = Debug|Any CPU
		{53117652-4EF0-4378-B285-BFDF42947291}.Ad-Hoc|ARM64.Build.0 = Debug|Any CPU
		{53117652-4EF0-4378-B285-BFDF42947291}.Ad-Hoc|iPhone.ActiveCfg = Debug|Any CPU
		{53117652-4EF0-4378-B285-BFDF42947291}.Ad-Hoc|iPhone.Build.0 = Debug|Any CPU
		{53117652-4EF0-4378-B285-BFDF42947291}.Ad-Hoc|iPhoneSimulator.ActiveCfg = Debug|Any CPU
		{53117652-4EF0-4378-B285-BFDF42947291}.Ad-Hoc|iPhoneSimulator.Build.0 = Debug|Any CPU
		{53117652-4EF0-4378-B285-BFDF42947291}.Ad-Hoc|x64.ActiveCfg = Debug|Any CPU
		{53117652-4EF0-4378-B285-BFDF42947291}.Ad-Hoc|x64.Build.0 = Debug|Any CPU
		{53117652-4EF0-4378-B285-BFDF42947291}.Ad-Hoc|x86.ActiveCfg = Debug|Any CPU
		{53117652-4EF0-4378-B285-BFDF42947291}.Ad-Hoc|x86.Build.0 = Debug|Any CPU
		{53117652-4EF0-4378-B285-BFDF42947291}.AppStore|Any CPU.ActiveCfg = Debug|Any CPU
		{53117652-4EF0-4378-B285-BFDF42947291}.AppStore|Any CPU.Build.0 = Debug|Any CPU
		{53117652-4EF0-4378-B285-BFDF42947291}.AppStore|ARM.ActiveCfg = Debug|Any CPU
		{53117652-4EF0-4378-B285-BFDF42947291}.AppStore|ARM.Build.0 = Debug|Any CPU
		{53117652-4EF0-4378-B285-BFDF42947291}.AppStore|ARM64.ActiveCfg = Debug|Any CPU
		{53117652-4EF0-4378-B285-BFDF42947291}.AppStore|ARM64.Build.0 = Debug|Any CPU
		{53117652-4EF0-4378-B285-BFDF42947291}.AppStore|iPhone.ActiveCfg = Debug|Any CPU
		{53117652-4EF0-4378-B285-BFDF42947291}.AppStore|iPhone.Build.0 = Debug|Any CPU
		{53117652-4EF0-4378-B285-BFDF42947291}.AppStore|iPhoneSimulator.ActiveCfg = Debug|Any CPU
		{53117652-4EF0-4378-B285-BFDF42947291}.AppStore|iPhoneSimulator.Build.0 = Debug|Any CPU
		{53117652-4EF0-4378-B285-BFDF42947291}.AppStore|x64.ActiveCfg = Debug|Any CPU
		{53117652-4EF0-4378-B285-BFDF42947291}.AppStore|x64.Build.0 = Debug|Any CPU
		{53117652-4EF0-4378-B285-BFDF42947291}.AppStore|x86.ActiveCfg = Debug|Any CPU
		{53117652-4EF0-4378-B285-BFDF42947291}.AppStore|x86.Build.0 = Debug|Any CPU
		{53117652-4EF0-4378-B285-BFDF42947291}.Debug|Any CPU.ActiveCfg = Debug|Any CPU
		{53117652-4EF0-4378-B285-BFDF42947291}.Debug|Any CPU.Build.0 = Debug|Any CPU
		{53117652-4EF0-4378-B285-BFDF42947291}.Debug|ARM.ActiveCfg = Debug|Any CPU
		{53117652-4EF0-4378-B285-BFDF42947291}.Debug|ARM.Build.0 = Debug|Any CPU
		{53117652-4EF0-4378-B285-BFDF42947291}.Debug|ARM64.ActiveCfg = Debug|Any CPU
		{53117652-4EF0-4378-B285-BFDF42947291}.Debug|ARM64.Build.0 = Debug|Any CPU
		{53117652-4EF0-4378-B285-BFDF42947291}.Debug|iPhone.ActiveCfg = Debug|Any CPU
		{53117652-4EF0-4378-B285-BFDF42947291}.Debug|iPhone.Build.0 = Debug|Any CPU
		{53117652-4EF0-4378-B285-BFDF42947291}.Debug|iPhoneSimulator.ActiveCfg = Debug|Any CPU
		{53117652-4EF0-4378-B285-BFDF42947291}.Debug|iPhoneSimulator.Build.0 = Debug|Any CPU
		{53117652-4EF0-4378-B285-BFDF42947291}.Debug|x64.ActiveCfg = Debug|Any CPU
		{53117652-4EF0-4378-B285-BFDF42947291}.Debug|x64.Build.0 = Debug|Any CPU
		{53117652-4EF0-4378-B285-BFDF42947291}.Debug|x86.ActiveCfg = Debug|Any CPU
		{53117652-4EF0-4378-B285-BFDF42947291}.Debug|x86.Build.0 = Debug|Any CPU
		{53117652-4EF0-4378-B285-BFDF42947291}.Release|Any CPU.ActiveCfg = Release|Any CPU
		{53117652-4EF0-4378-B285-BFDF42947291}.Release|Any CPU.Build.0 = Release|Any CPU
		{53117652-4EF0-4378-B285-BFDF42947291}.Release|ARM.ActiveCfg = Release|Any CPU
		{53117652-4EF0-4378-B285-BFDF42947291}.Release|ARM.Build.0 = Release|Any CPU
		{53117652-4EF0-4378-B285-BFDF42947291}.Release|ARM64.ActiveCfg = Release|Any CPU
		{53117652-4EF0-4378-B285-BFDF42947291}.Release|ARM64.Build.0 = Release|Any CPU
		{53117652-4EF0-4378-B285-BFDF42947291}.Release|iPhone.ActiveCfg = Release|Any CPU
		{53117652-4EF0-4378-B285-BFDF42947291}.Release|iPhone.Build.0 = Release|Any CPU
		{53117652-4EF0-4378-B285-BFDF42947291}.Release|iPhoneSimulator.ActiveCfg = Release|Any CPU
		{53117652-4EF0-4378-B285-BFDF42947291}.Release|iPhoneSimulator.Build.0 = Release|Any CPU
		{53117652-4EF0-4378-B285-BFDF42947291}.Release|x64.ActiveCfg = Release|Any CPU
		{53117652-4EF0-4378-B285-BFDF42947291}.Release|x64.Build.0 = Release|Any CPU
		{53117652-4EF0-4378-B285-BFDF42947291}.Release|x86.ActiveCfg = Release|Any CPU
		{53117652-4EF0-4378-B285-BFDF42947291}.Release|x86.Build.0 = Release|Any CPU
	EndGlobalSection
	GlobalSection(SolutionProperties) = preSolution
		HideSolutionNode = FALSE
	EndGlobalSection
	GlobalSection(NestedProjects) = preSolution
		{503B71DB-1CCA-49CA-8C2F-7FAA87B5520A} = {98B921B7-5B2A-4E33-941F-119E72DF1908}
		{F30E01E7-A9DB-4E37-9E23-2E8A38E309EB} = {08CA4EC8-8C67-4325-A09B-95E4B4ABFA05}
		{53117652-4EF0-4378-B285-BFDF42947291} = {08CA4EC8-8C67-4325-A09B-95E4B4ABFA05}
	EndGlobalSection
	GlobalSection(ExtensibilityGlobals) = postSolution
		SolutionGuid = {2D808F29-FA94-47AE-A112-BEF721E47F86}
	EndGlobalSection
	GlobalSection(MonoDevelopProperties) = preSolution
		Policies = $0
		$0.DotNetNamingPolicy = $1
		$1.DirectoryNamespaceAssociation = PrefixedHierarchical
		$1.ResourceNamePolicy = FileFormatDefault
		$0.TextStylePolicy = $4
		$2.inheritsSet = null
		$2.scope = text/x-csharp
		$0.CSharpFormattingPolicy = $3
		$3.AutoPropertyFormatting = ForceOneLine
		$3.IndentPreprocessorDirectives = False
		$3.PropertyBraceStyle = NextLine
		$3.EventBraceStyle = NextLine
		$3.EmbeddedStatementPlacement = SameLine
		$3.ArrayInitializerBraceStyle = NextLine
		$3.BeforeMethodDeclarationParentheses = False
		$3.BeforeMethodCallParentheses = False
		$3.BeforeConstructorDeclarationParentheses = False
		$3.BeforeIndexerDeclarationBracket = False
		$3.BeforeDelegateDeclarationParentheses = False
		$3.AfterDelegateDeclarationParameterComma = True
		$3.NewParentheses = False
		$3.SpacesBeforeBrackets = False
		$3.AlignToFirstMethodDeclarationParameter = False
		$3.AlignToFirstIndexerDeclarationParameter = False
		$3.inheritsSet = Mono
		$3.inheritsScope = text/x-csharp
		$3.scope = text/x-csharp
		$4.FileWidth = 120
		$4.inheritsSet = VisualStudio
		$4.inheritsScope = text/plain
		$4.scope = text/plain
	EndGlobalSection
EndGlobal
