Microsoft Visual Studio Solution File, Format Version 12.00
# Visual Studio 15
VisualStudioVersion = 15.0.26430.13
MinimumVisualStudioVersion = 10.0.40219.1
Project("{2150E333-8FDC-42A3-9474-1A3956D46DE8}") = "Libraries", "Libraries", "{08CA4EC8-8C67-4325-A09B-95E4B4ABFA05}"
EndProject
Project("{2150E333-8FDC-42A3-9474-1A3956D46DE8}") = "Tests", "Tests", "{98B921B7-5B2A-4E33-941F-119E72DF1908}"
EndProject
Project("{FAE04EC0-301F-11D3-BF4B-00C04F79EFBC}") = "SecureHttpClient.Android", "SecureHttpClient.Android\SecureHttpClient.Android.csproj", "{F7290B9E-C821-4DA7-A4E5-824D9B0F70F2}"
EndProject
Project("{FAE04EC0-301F-11D3-BF4B-00C04F79EFBC}") = "SecureHttpClient.Portable", "SecureHttpClient.Portable\SecureHttpClient.Portable.csproj", "{6DD98593-4498-463D-B16E-F6CC5A928B79}"
EndProject
Project("{FAE04EC0-301F-11D3-BF4B-00C04F79EFBC}") = "SecureHttpClient.TestRunner.Android", "SecureHttpClient.TestRunner.Android\SecureHttpClient.TestRunner.Android.csproj", "{5C9E2D3F-3E93-4F95-8A29-80055BD1D15A}"
EndProject
Project("{9A19103F-16F7-4668-BE54-9A1E7A4F7556}") = "SecureHttpClient.TestRunner.Net", "SecureHttpClient.TestRunner.Net\SecureHttpClient.TestRunner.Net.csproj", "{D52770C2-BAB3-4E25-8787-45CC74177A95}"
EndProject
Project("{FAE04EC0-301F-11D3-BF4B-00C04F79EFBC}") = "SecureHttpClient.Test", "SecureHttpClient.Test\SecureHttpClient.Test.csproj", "{503B71DB-1CCA-49CA-8C2F-7FAA87B5520A}"
EndProject
Project("{FAE04EC0-301F-11D3-BF4B-00C04F79EFBC}") = "SecureHttpClient.Abstractions", "SecureHttpClient.Abstractions\SecureHttpClient.Abstractions.csproj", "{DD85E6B4-0CF7-469D-BF00-6FB24CB9F2B1}"
EndProject
Project("{FAE04EC0-301F-11D3-BF4B-00C04F79EFBC}") = "SecureHttpClient.TestRunner.iOS", "SecureHttpClient.TestRunner.iOS\SecureHttpClient.TestRunner.iOS.csproj", "{B38723F0-E81C-4DB7-B362-FFEA31E2BDCB}"
EndProject
Project("{FAE04EC0-301F-11D3-BF4B-00C04F79EFBC}") = "SecureHttpClient.iOS", "SecureHttpClient.iOS\SecureHttpClient.iOS.csproj", "{B613456E-80E9-4FA5-9E03-A6EE28CFD4C6}"
EndProject
Project("{FAE04EC0-301F-11D3-BF4B-00C04F79EFBC}") = "SecureHttpClient.CertificatePinning", "SecureHttpClient.CertificatePinning\SecureHttpClient.CertificatePinning.csproj", "{9098AE1D-951D-42F8-907B-24C14886B503}"
EndProject
Global
	GlobalSection(SolutionConfigurationPlatforms) = preSolution
		Ad-Hoc|Any CPU = Ad-Hoc|Any CPU
		Ad-Hoc|iPhone = Ad-Hoc|iPhone
		Ad-Hoc|iPhoneSimulator = Ad-Hoc|iPhoneSimulator
		AppStore|Any CPU = AppStore|Any CPU
		AppStore|iPhone = AppStore|iPhone
		AppStore|iPhoneSimulator = AppStore|iPhoneSimulator
		Debug|Any CPU = Debug|Any CPU
		Debug|iPhone = Debug|iPhone
		Debug|iPhoneSimulator = Debug|iPhoneSimulator
		Release|Any CPU = Release|Any CPU
		Release|iPhone = Release|iPhone
		Release|iPhoneSimulator = Release|iPhoneSimulator
	EndGlobalSection
	GlobalSection(ProjectConfigurationPlatforms) = postSolution
		{F7290B9E-C821-4DA7-A4E5-824D9B0F70F2}.Ad-Hoc|Any CPU.ActiveCfg = Release|Any CPU
		{F7290B9E-C821-4DA7-A4E5-824D9B0F70F2}.Ad-Hoc|Any CPU.Build.0 = Release|Any CPU
		{F7290B9E-C821-4DA7-A4E5-824D9B0F70F2}.Ad-Hoc|iPhone.ActiveCfg = Debug|Any CPU
		{F7290B9E-C821-4DA7-A4E5-824D9B0F70F2}.Ad-Hoc|iPhone.Build.0 = Debug|Any CPU
		{F7290B9E-C821-4DA7-A4E5-824D9B0F70F2}.Ad-Hoc|iPhoneSimulator.ActiveCfg = Release|Any CPU
		{F7290B9E-C821-4DA7-A4E5-824D9B0F70F2}.Ad-Hoc|iPhoneSimulator.Build.0 = Release|Any CPU
		{F7290B9E-C821-4DA7-A4E5-824D9B0F70F2}.AppStore|Any CPU.ActiveCfg = Release|Any CPU
		{F7290B9E-C821-4DA7-A4E5-824D9B0F70F2}.AppStore|Any CPU.Build.0 = Release|Any CPU
		{F7290B9E-C821-4DA7-A4E5-824D9B0F70F2}.AppStore|iPhone.ActiveCfg = Debug|Any CPU
		{F7290B9E-C821-4DA7-A4E5-824D9B0F70F2}.AppStore|iPhone.Build.0 = Debug|Any CPU
		{F7290B9E-C821-4DA7-A4E5-824D9B0F70F2}.AppStore|iPhoneSimulator.ActiveCfg = Release|Any CPU
		{F7290B9E-C821-4DA7-A4E5-824D9B0F70F2}.AppStore|iPhoneSimulator.Build.0 = Release|Any CPU
		{F7290B9E-C821-4DA7-A4E5-824D9B0F70F2}.Debug|Any CPU.ActiveCfg = Debug|Any CPU
		{F7290B9E-C821-4DA7-A4E5-824D9B0F70F2}.Debug|Any CPU.Build.0 = Debug|Any CPU
		{F7290B9E-C821-4DA7-A4E5-824D9B0F70F2}.Debug|iPhone.ActiveCfg = Debug|Any CPU
		{F7290B9E-C821-4DA7-A4E5-824D9B0F70F2}.Debug|iPhone.Build.0 = Debug|Any CPU
		{F7290B9E-C821-4DA7-A4E5-824D9B0F70F2}.Debug|iPhoneSimulator.ActiveCfg = Debug|Any CPU
		{F7290B9E-C821-4DA7-A4E5-824D9B0F70F2}.Debug|iPhoneSimulator.Build.0 = Debug|Any CPU
		{F7290B9E-C821-4DA7-A4E5-824D9B0F70F2}.Release|Any CPU.ActiveCfg = Release|Any CPU
		{F7290B9E-C821-4DA7-A4E5-824D9B0F70F2}.Release|Any CPU.Build.0 = Release|Any CPU
		{F7290B9E-C821-4DA7-A4E5-824D9B0F70F2}.Release|iPhone.ActiveCfg = Release|Any CPU
		{F7290B9E-C821-4DA7-A4E5-824D9B0F70F2}.Release|iPhone.Build.0 = Release|Any CPU
		{F7290B9E-C821-4DA7-A4E5-824D9B0F70F2}.Release|iPhoneSimulator.ActiveCfg = Release|Any CPU
		{F7290B9E-C821-4DA7-A4E5-824D9B0F70F2}.Release|iPhoneSimulator.Build.0 = Release|Any CPU
		{6DD98593-4498-463D-B16E-F6CC5A928B79}.Ad-Hoc|Any CPU.ActiveCfg = Debug|Any CPU
		{6DD98593-4498-463D-B16E-F6CC5A928B79}.Ad-Hoc|Any CPU.Build.0 = Debug|Any CPU
		{6DD98593-4498-463D-B16E-F6CC5A928B79}.Ad-Hoc|iPhone.ActiveCfg = Release|Any CPU
		{6DD98593-4498-463D-B16E-F6CC5A928B79}.Ad-Hoc|iPhone.Build.0 = Release|Any CPU
		{6DD98593-4498-463D-B16E-F6CC5A928B79}.Ad-Hoc|iPhoneSimulator.ActiveCfg = Debug|Any CPU
		{6DD98593-4498-463D-B16E-F6CC5A928B79}.Ad-Hoc|iPhoneSimulator.Build.0 = Debug|Any CPU
		{6DD98593-4498-463D-B16E-F6CC5A928B79}.AppStore|Any CPU.ActiveCfg = Debug|Any CPU
		{6DD98593-4498-463D-B16E-F6CC5A928B79}.AppStore|Any CPU.Build.0 = Debug|Any CPU
		{6DD98593-4498-463D-B16E-F6CC5A928B79}.AppStore|iPhone.ActiveCfg = Release|Any CPU
		{6DD98593-4498-463D-B16E-F6CC5A928B79}.AppStore|iPhone.Build.0 = Release|Any CPU
		{6DD98593-4498-463D-B16E-F6CC5A928B79}.AppStore|iPhoneSimulator.ActiveCfg = Debug|Any CPU
		{6DD98593-4498-463D-B16E-F6CC5A928B79}.AppStore|iPhoneSimulator.Build.0 = Debug|Any CPU
		{6DD98593-4498-463D-B16E-F6CC5A928B79}.Debug|Any CPU.ActiveCfg = Debug|Any CPU
		{6DD98593-4498-463D-B16E-F6CC5A928B79}.Debug|Any CPU.Build.0 = Debug|Any CPU
		{6DD98593-4498-463D-B16E-F6CC5A928B79}.Debug|iPhone.ActiveCfg = Debug|Any CPU
		{6DD98593-4498-463D-B16E-F6CC5A928B79}.Debug|iPhone.Build.0 = Debug|Any CPU
		{6DD98593-4498-463D-B16E-F6CC5A928B79}.Debug|iPhoneSimulator.ActiveCfg = Debug|Any CPU
		{6DD98593-4498-463D-B16E-F6CC5A928B79}.Debug|iPhoneSimulator.Build.0 = Debug|Any CPU
		{6DD98593-4498-463D-B16E-F6CC5A928B79}.Release|Any CPU.ActiveCfg = Release|Any CPU
		{6DD98593-4498-463D-B16E-F6CC5A928B79}.Release|Any CPU.Build.0 = Release|Any CPU
		{6DD98593-4498-463D-B16E-F6CC5A928B79}.Release|iPhone.ActiveCfg = Release|Any CPU
		{6DD98593-4498-463D-B16E-F6CC5A928B79}.Release|iPhone.Build.0 = Release|Any CPU
		{6DD98593-4498-463D-B16E-F6CC5A928B79}.Release|iPhoneSimulator.ActiveCfg = Release|Any CPU
		{6DD98593-4498-463D-B16E-F6CC5A928B79}.Release|iPhoneSimulator.Build.0 = Release|Any CPU
		{5C9E2D3F-3E93-4F95-8A29-80055BD1D15A}.Ad-Hoc|Any CPU.ActiveCfg = Release|Any CPU
		{5C9E2D3F-3E93-4F95-8A29-80055BD1D15A}.Ad-Hoc|Any CPU.Build.0 = Release|Any CPU
		{5C9E2D3F-3E93-4F95-8A29-80055BD1D15A}.Ad-Hoc|Any CPU.Deploy.0 = Release|Any CPU
		{5C9E2D3F-3E93-4F95-8A29-80055BD1D15A}.Ad-Hoc|iPhone.ActiveCfg = Release|Any CPU
		{5C9E2D3F-3E93-4F95-8A29-80055BD1D15A}.Ad-Hoc|iPhone.Build.0 = Release|Any CPU
		{5C9E2D3F-3E93-4F95-8A29-80055BD1D15A}.Ad-Hoc|iPhone.Deploy.0 = Release|Any CPU
		{5C9E2D3F-3E93-4F95-8A29-80055BD1D15A}.Ad-Hoc|iPhoneSimulator.ActiveCfg = Release|Any CPU
		{5C9E2D3F-3E93-4F95-8A29-80055BD1D15A}.Ad-Hoc|iPhoneSimulator.Build.0 = Release|Any CPU
		{5C9E2D3F-3E93-4F95-8A29-80055BD1D15A}.Ad-Hoc|iPhoneSimulator.Deploy.0 = Release|Any CPU
		{5C9E2D3F-3E93-4F95-8A29-80055BD1D15A}.AppStore|Any CPU.ActiveCfg = Release|Any CPU
		{5C9E2D3F-3E93-4F95-8A29-80055BD1D15A}.AppStore|Any CPU.Build.0 = Release|Any CPU
		{5C9E2D3F-3E93-4F95-8A29-80055BD1D15A}.AppStore|Any CPU.Deploy.0 = Release|Any CPU
		{5C9E2D3F-3E93-4F95-8A29-80055BD1D15A}.AppStore|iPhone.ActiveCfg = Release|Any CPU
		{5C9E2D3F-3E93-4F95-8A29-80055BD1D15A}.AppStore|iPhone.Build.0 = Release|Any CPU
		{5C9E2D3F-3E93-4F95-8A29-80055BD1D15A}.AppStore|iPhone.Deploy.0 = Release|Any CPU
		{5C9E2D3F-3E93-4F95-8A29-80055BD1D15A}.AppStore|iPhoneSimulator.ActiveCfg = Release|Any CPU
		{5C9E2D3F-3E93-4F95-8A29-80055BD1D15A}.AppStore|iPhoneSimulator.Build.0 = Release|Any CPU
		{5C9E2D3F-3E93-4F95-8A29-80055BD1D15A}.AppStore|iPhoneSimulator.Deploy.0 = Release|Any CPU
		{5C9E2D3F-3E93-4F95-8A29-80055BD1D15A}.Debug|Any CPU.ActiveCfg = Debug|Any CPU
		{5C9E2D3F-3E93-4F95-8A29-80055BD1D15A}.Debug|Any CPU.Build.0 = Debug|Any CPU
		{5C9E2D3F-3E93-4F95-8A29-80055BD1D15A}.Debug|Any CPU.Deploy.0 = Debug|Any CPU
		{5C9E2D3F-3E93-4F95-8A29-80055BD1D15A}.Debug|iPhone.ActiveCfg = Debug|Any CPU
		{5C9E2D3F-3E93-4F95-8A29-80055BD1D15A}.Debug|iPhone.Build.0 = Debug|Any CPU
		{5C9E2D3F-3E93-4F95-8A29-80055BD1D15A}.Debug|iPhone.Deploy.0 = Debug|Any CPU
		{5C9E2D3F-3E93-4F95-8A29-80055BD1D15A}.Debug|iPhoneSimulator.ActiveCfg = Debug|Any CPU
		{5C9E2D3F-3E93-4F95-8A29-80055BD1D15A}.Debug|iPhoneSimulator.Build.0 = Debug|Any CPU
		{5C9E2D3F-3E93-4F95-8A29-80055BD1D15A}.Debug|iPhoneSimulator.Deploy.0 = Debug|Any CPU
		{5C9E2D3F-3E93-4F95-8A29-80055BD1D15A}.Release|Any CPU.ActiveCfg = Release|Any CPU
		{5C9E2D3F-3E93-4F95-8A29-80055BD1D15A}.Release|Any CPU.Build.0 = Release|Any CPU
		{5C9E2D3F-3E93-4F95-8A29-80055BD1D15A}.Release|Any CPU.Deploy.0 = Release|Any CPU
		{5C9E2D3F-3E93-4F95-8A29-80055BD1D15A}.Release|iPhone.ActiveCfg = Release|Any CPU
		{5C9E2D3F-3E93-4F95-8A29-80055BD1D15A}.Release|iPhone.Build.0 = Release|Any CPU
		{5C9E2D3F-3E93-4F95-8A29-80055BD1D15A}.Release|iPhone.Deploy.0 = Release|Any CPU
		{5C9E2D3F-3E93-4F95-8A29-80055BD1D15A}.Release|iPhoneSimulator.ActiveCfg = Release|Any CPU
		{5C9E2D3F-3E93-4F95-8A29-80055BD1D15A}.Release|iPhoneSimulator.Build.0 = Release|Any CPU
		{5C9E2D3F-3E93-4F95-8A29-80055BD1D15A}.Release|iPhoneSimulator.Deploy.0 = Release|Any CPU
		{D52770C2-BAB3-4E25-8787-45CC74177A95}.Ad-Hoc|Any CPU.ActiveCfg = Debug|Any CPU
		{D52770C2-BAB3-4E25-8787-45CC74177A95}.Ad-Hoc|Any CPU.Build.0 = Debug|Any CPU
		{D52770C2-BAB3-4E25-8787-45CC74177A95}.Ad-Hoc|iPhone.ActiveCfg = Debug|Any CPU
		{D52770C2-BAB3-4E25-8787-45CC74177A95}.Ad-Hoc|iPhone.Build.0 = Debug|Any CPU
		{D52770C2-BAB3-4E25-8787-45CC74177A95}.Ad-Hoc|iPhoneSimulator.ActiveCfg = Debug|Any CPU
		{D52770C2-BAB3-4E25-8787-45CC74177A95}.Ad-Hoc|iPhoneSimulator.Build.0 = Debug|Any CPU
		{D52770C2-BAB3-4E25-8787-45CC74177A95}.AppStore|Any CPU.ActiveCfg = Debug|Any CPU
		{D52770C2-BAB3-4E25-8787-45CC74177A95}.AppStore|Any CPU.Build.0 = Debug|Any CPU
		{D52770C2-BAB3-4E25-8787-45CC74177A95}.AppStore|iPhone.ActiveCfg = Debug|Any CPU
		{D52770C2-BAB3-4E25-8787-45CC74177A95}.AppStore|iPhone.Build.0 = Debug|Any CPU
		{D52770C2-BAB3-4E25-8787-45CC74177A95}.AppStore|iPhoneSimulator.ActiveCfg = Debug|Any CPU
		{D52770C2-BAB3-4E25-8787-45CC74177A95}.AppStore|iPhoneSimulator.Build.0 = Debug|Any CPU
		{D52770C2-BAB3-4E25-8787-45CC74177A95}.Debug|Any CPU.ActiveCfg = Debug|Any CPU
		{D52770C2-BAB3-4E25-8787-45CC74177A95}.Debug|Any CPU.Build.0 = Debug|Any CPU
		{D52770C2-BAB3-4E25-8787-45CC74177A95}.Debug|iPhone.ActiveCfg = Debug|Any CPU
		{D52770C2-BAB3-4E25-8787-45CC74177A95}.Debug|iPhone.Build.0 = Debug|Any CPU
		{D52770C2-BAB3-4E25-8787-45CC74177A95}.Debug|iPhoneSimulator.ActiveCfg = Debug|Any CPU
		{D52770C2-BAB3-4E25-8787-45CC74177A95}.Debug|iPhoneSimulator.Build.0 = Debug|Any CPU
		{D52770C2-BAB3-4E25-8787-45CC74177A95}.Release|Any CPU.ActiveCfg = Release|Any CPU
		{D52770C2-BAB3-4E25-8787-45CC74177A95}.Release|Any CPU.Build.0 = Release|Any CPU
		{D52770C2-BAB3-4E25-8787-45CC74177A95}.Release|iPhone.ActiveCfg = Release|Any CPU
		{D52770C2-BAB3-4E25-8787-45CC74177A95}.Release|iPhone.Build.0 = Release|Any CPU
		{D52770C2-BAB3-4E25-8787-45CC74177A95}.Release|iPhoneSimulator.ActiveCfg = Release|Any CPU
		{D52770C2-BAB3-4E25-8787-45CC74177A95}.Release|iPhoneSimulator.Build.0 = Release|Any CPU
		{503B71DB-1CCA-49CA-8C2F-7FAA87B5520A}.Ad-Hoc|Any CPU.ActiveCfg = Release|Any CPU
		{503B71DB-1CCA-49CA-8C2F-7FAA87B5520A}.Ad-Hoc|Any CPU.Build.0 = Release|Any CPU
		{503B71DB-1CCA-49CA-8C2F-7FAA87B5520A}.Ad-Hoc|iPhone.ActiveCfg = Release|Any CPU
		{503B71DB-1CCA-49CA-8C2F-7FAA87B5520A}.Ad-Hoc|iPhone.Build.0 = Release|Any CPU
		{503B71DB-1CCA-49CA-8C2F-7FAA87B5520A}.Ad-Hoc|iPhoneSimulator.ActiveCfg = Release|Any CPU
		{503B71DB-1CCA-49CA-8C2F-7FAA87B5520A}.Ad-Hoc|iPhoneSimulator.Build.0 = Release|Any CPU
		{503B71DB-1CCA-49CA-8C2F-7FAA87B5520A}.AppStore|Any CPU.ActiveCfg = Release|Any CPU
		{503B71DB-1CCA-49CA-8C2F-7FAA87B5520A}.AppStore|Any CPU.Build.0 = Release|Any CPU
		{503B71DB-1CCA-49CA-8C2F-7FAA87B5520A}.AppStore|iPhone.ActiveCfg = Release|Any CPU
		{503B71DB-1CCA-49CA-8C2F-7FAA87B5520A}.AppStore|iPhone.Build.0 = Release|Any CPU
		{503B71DB-1CCA-49CA-8C2F-7FAA87B5520A}.AppStore|iPhoneSimulator.ActiveCfg = Release|Any CPU
		{503B71DB-1CCA-49CA-8C2F-7FAA87B5520A}.AppStore|iPhoneSimulator.Build.0 = Release|Any CPU
		{503B71DB-1CCA-49CA-8C2F-7FAA87B5520A}.Debug|Any CPU.ActiveCfg = Debug|Any CPU
		{503B71DB-1CCA-49CA-8C2F-7FAA87B5520A}.Debug|Any CPU.Build.0 = Debug|Any CPU
		{503B71DB-1CCA-49CA-8C2F-7FAA87B5520A}.Debug|iPhone.ActiveCfg = Debug|Any CPU
		{503B71DB-1CCA-49CA-8C2F-7FAA87B5520A}.Debug|iPhone.Build.0 = Debug|Any CPU
		{503B71DB-1CCA-49CA-8C2F-7FAA87B5520A}.Debug|iPhoneSimulator.ActiveCfg = Debug|Any CPU
		{503B71DB-1CCA-49CA-8C2F-7FAA87B5520A}.Debug|iPhoneSimulator.Build.0 = Debug|Any CPU
		{503B71DB-1CCA-49CA-8C2F-7FAA87B5520A}.Release|Any CPU.ActiveCfg = Release|Any CPU
		{503B71DB-1CCA-49CA-8C2F-7FAA87B5520A}.Release|Any CPU.Build.0 = Release|Any CPU
		{503B71DB-1CCA-49CA-8C2F-7FAA87B5520A}.Release|iPhone.ActiveCfg = Release|Any CPU
		{503B71DB-1CCA-49CA-8C2F-7FAA87B5520A}.Release|iPhone.Build.0 = Release|Any CPU
		{503B71DB-1CCA-49CA-8C2F-7FAA87B5520A}.Release|iPhoneSimulator.ActiveCfg = Release|Any CPU
		{503B71DB-1CCA-49CA-8C2F-7FAA87B5520A}.Release|iPhoneSimulator.Build.0 = Release|Any CPU
		{DD85E6B4-0CF7-469D-BF00-6FB24CB9F2B1}.Ad-Hoc|Any CPU.ActiveCfg = Release|Any CPU
		{DD85E6B4-0CF7-469D-BF00-6FB24CB9F2B1}.Ad-Hoc|Any CPU.Build.0 = Release|Any CPU
		{DD85E6B4-0CF7-469D-BF00-6FB24CB9F2B1}.Ad-Hoc|iPhone.ActiveCfg = Release|Any CPU
		{DD85E6B4-0CF7-469D-BF00-6FB24CB9F2B1}.Ad-Hoc|iPhone.Build.0 = Release|Any CPU
		{DD85E6B4-0CF7-469D-BF00-6FB24CB9F2B1}.Ad-Hoc|iPhoneSimulator.ActiveCfg = Release|Any CPU
		{DD85E6B4-0CF7-469D-BF00-6FB24CB9F2B1}.Ad-Hoc|iPhoneSimulator.Build.0 = Release|Any CPU
		{DD85E6B4-0CF7-469D-BF00-6FB24CB9F2B1}.AppStore|Any CPU.ActiveCfg = Release|Any CPU
		{DD85E6B4-0CF7-469D-BF00-6FB24CB9F2B1}.AppStore|Any CPU.Build.0 = Release|Any CPU
		{DD85E6B4-0CF7-469D-BF00-6FB24CB9F2B1}.AppStore|iPhone.ActiveCfg = Release|Any CPU
		{DD85E6B4-0CF7-469D-BF00-6FB24CB9F2B1}.AppStore|iPhone.Build.0 = Release|Any CPU
		{DD85E6B4-0CF7-469D-BF00-6FB24CB9F2B1}.AppStore|iPhoneSimulator.ActiveCfg = Release|Any CPU
		{DD85E6B4-0CF7-469D-BF00-6FB24CB9F2B1}.AppStore|iPhoneSimulator.Build.0 = Release|Any CPU
		{DD85E6B4-0CF7-469D-BF00-6FB24CB9F2B1}.Debug|Any CPU.ActiveCfg = Debug|Any CPU
		{DD85E6B4-0CF7-469D-BF00-6FB24CB9F2B1}.Debug|Any CPU.Build.0 = Debug|Any CPU
		{DD85E6B4-0CF7-469D-BF00-6FB24CB9F2B1}.Debug|iPhone.ActiveCfg = Debug|Any CPU
		{DD85E6B4-0CF7-469D-BF00-6FB24CB9F2B1}.Debug|iPhone.Build.0 = Debug|Any CPU
		{DD85E6B4-0CF7-469D-BF00-6FB24CB9F2B1}.Debug|iPhoneSimulator.ActiveCfg = Debug|Any CPU
		{DD85E6B4-0CF7-469D-BF00-6FB24CB9F2B1}.Debug|iPhoneSimulator.Build.0 = Debug|Any CPU
		{DD85E6B4-0CF7-469D-BF00-6FB24CB9F2B1}.Release|Any CPU.ActiveCfg = Release|Any CPU
		{DD85E6B4-0CF7-469D-BF00-6FB24CB9F2B1}.Release|Any CPU.Build.0 = Release|Any CPU
		{DD85E6B4-0CF7-469D-BF00-6FB24CB9F2B1}.Release|iPhone.ActiveCfg = Release|Any CPU
		{DD85E6B4-0CF7-469D-BF00-6FB24CB9F2B1}.Release|iPhone.Build.0 = Release|Any CPU
		{DD85E6B4-0CF7-469D-BF00-6FB24CB9F2B1}.Release|iPhoneSimulator.ActiveCfg = Release|Any CPU
		{DD85E6B4-0CF7-469D-BF00-6FB24CB9F2B1}.Release|iPhoneSimulator.Build.0 = Release|Any CPU
		{B38723F0-E81C-4DB7-B362-FFEA31E2BDCB}.Ad-Hoc|Any CPU.ActiveCfg = Ad-Hoc|iPhone
		{B38723F0-E81C-4DB7-B362-FFEA31E2BDCB}.Ad-Hoc|iPhone.ActiveCfg = Ad-Hoc|iPhone
		{B38723F0-E81C-4DB7-B362-FFEA31E2BDCB}.Ad-Hoc|iPhone.Build.0 = Ad-Hoc|iPhone
		{B38723F0-E81C-4DB7-B362-FFEA31E2BDCB}.Ad-Hoc|iPhoneSimulator.ActiveCfg = Ad-Hoc|iPhoneSimulator
		{B38723F0-E81C-4DB7-B362-FFEA31E2BDCB}.Ad-Hoc|iPhoneSimulator.Build.0 = Ad-Hoc|iPhoneSimulator
		{B38723F0-E81C-4DB7-B362-FFEA31E2BDCB}.AppStore|Any CPU.ActiveCfg = AppStore|iPhone
		{B38723F0-E81C-4DB7-B362-FFEA31E2BDCB}.AppStore|iPhone.ActiveCfg = AppStore|iPhone
		{B38723F0-E81C-4DB7-B362-FFEA31E2BDCB}.AppStore|iPhone.Build.0 = AppStore|iPhone
		{B38723F0-E81C-4DB7-B362-FFEA31E2BDCB}.AppStore|iPhoneSimulator.ActiveCfg = AppStore|iPhoneSimulator
		{B38723F0-E81C-4DB7-B362-FFEA31E2BDCB}.AppStore|iPhoneSimulator.Build.0 = AppStore|iPhoneSimulator
		{B38723F0-E81C-4DB7-B362-FFEA31E2BDCB}.Debug|Any CPU.ActiveCfg = Debug|iPhoneSimulator
		{B38723F0-E81C-4DB7-B362-FFEA31E2BDCB}.Debug|Any CPU.Build.0 = Debug|iPhoneSimulator
		{B38723F0-E81C-4DB7-B362-FFEA31E2BDCB}.Debug|iPhone.ActiveCfg = Debug|iPhoneSimulator
		{B38723F0-E81C-4DB7-B362-FFEA31E2BDCB}.Debug|iPhone.Build.0 = Debug|iPhoneSimulator
		{B38723F0-E81C-4DB7-B362-FFEA31E2BDCB}.Debug|iPhoneSimulator.ActiveCfg = Debug|iPhoneSimulator
		{B38723F0-E81C-4DB7-B362-FFEA31E2BDCB}.Debug|iPhoneSimulator.Build.0 = Debug|iPhoneSimulator
		{B38723F0-E81C-4DB7-B362-FFEA31E2BDCB}.Release|Any CPU.ActiveCfg = Release|iPhone
		{B38723F0-E81C-4DB7-B362-FFEA31E2BDCB}.Release|iPhone.ActiveCfg = Release|iPhone
		{B38723F0-E81C-4DB7-B362-FFEA31E2BDCB}.Release|iPhone.Build.0 = Release|iPhone
		{B38723F0-E81C-4DB7-B362-FFEA31E2BDCB}.Release|iPhoneSimulator.ActiveCfg = Release|iPhoneSimulator
		{B38723F0-E81C-4DB7-B362-FFEA31E2BDCB}.Release|iPhoneSimulator.Build.0 = Release|iPhoneSimulator
		{B613456E-80E9-4FA5-9E03-A6EE28CFD4C6}.Ad-Hoc|Any CPU.ActiveCfg = Release|Any CPU
		{B613456E-80E9-4FA5-9E03-A6EE28CFD4C6}.Ad-Hoc|Any CPU.Build.0 = Release|Any CPU
		{B613456E-80E9-4FA5-9E03-A6EE28CFD4C6}.Ad-Hoc|iPhone.ActiveCfg = Release|Any CPU
		{B613456E-80E9-4FA5-9E03-A6EE28CFD4C6}.Ad-Hoc|iPhone.Build.0 = Release|Any CPU
		{B613456E-80E9-4FA5-9E03-A6EE28CFD4C6}.Ad-Hoc|iPhoneSimulator.ActiveCfg = Release|Any CPU
		{B613456E-80E9-4FA5-9E03-A6EE28CFD4C6}.Ad-Hoc|iPhoneSimulator.Build.0 = Release|Any CPU
		{B613456E-80E9-4FA5-9E03-A6EE28CFD4C6}.AppStore|Any CPU.ActiveCfg = Release|Any CPU
		{B613456E-80E9-4FA5-9E03-A6EE28CFD4C6}.AppStore|Any CPU.Build.0 = Release|Any CPU
		{B613456E-80E9-4FA5-9E03-A6EE28CFD4C6}.AppStore|iPhone.ActiveCfg = Release|Any CPU
		{B613456E-80E9-4FA5-9E03-A6EE28CFD4C6}.AppStore|iPhone.Build.0 = Release|Any CPU
		{B613456E-80E9-4FA5-9E03-A6EE28CFD4C6}.AppStore|iPhoneSimulator.ActiveCfg = Release|Any CPU
		{B613456E-80E9-4FA5-9E03-A6EE28CFD4C6}.AppStore|iPhoneSimulator.Build.0 = Release|Any CPU
		{B613456E-80E9-4FA5-9E03-A6EE28CFD4C6}.Debug|Any CPU.ActiveCfg = Debug|Any CPU
		{B613456E-80E9-4FA5-9E03-A6EE28CFD4C6}.Debug|Any CPU.Build.0 = Debug|Any CPU
		{B613456E-80E9-4FA5-9E03-A6EE28CFD4C6}.Debug|iPhone.ActiveCfg = Debug|Any CPU
		{B613456E-80E9-4FA5-9E03-A6EE28CFD4C6}.Debug|iPhone.Build.0 = Debug|Any CPU
		{B613456E-80E9-4FA5-9E03-A6EE28CFD4C6}.Debug|iPhoneSimulator.ActiveCfg = Debug|Any CPU
		{B613456E-80E9-4FA5-9E03-A6EE28CFD4C6}.Debug|iPhoneSimulator.Build.0 = Debug|Any CPU
		{B613456E-80E9-4FA5-9E03-A6EE28CFD4C6}.Release|Any CPU.ActiveCfg = Release|Any CPU
		{B613456E-80E9-4FA5-9E03-A6EE28CFD4C6}.Release|Any CPU.Build.0 = Release|Any CPU
		{B613456E-80E9-4FA5-9E03-A6EE28CFD4C6}.Release|iPhone.ActiveCfg = Release|Any CPU
		{B613456E-80E9-4FA5-9E03-A6EE28CFD4C6}.Release|iPhone.Build.0 = Release|Any CPU
		{B613456E-80E9-4FA5-9E03-A6EE28CFD4C6}.Release|iPhoneSimulator.ActiveCfg = Release|Any CPU
		{B613456E-80E9-4FA5-9E03-A6EE28CFD4C6}.Release|iPhoneSimulator.Build.0 = Release|Any CPU
		{9098AE1D-951D-42F8-907B-24C14886B503}.Ad-Hoc|Any CPU.ActiveCfg = Release|Any CPU
		{9098AE1D-951D-42F8-907B-24C14886B503}.Ad-Hoc|Any CPU.Build.0 = Release|Any CPU
		{9098AE1D-951D-42F8-907B-24C14886B503}.Ad-Hoc|iPhone.ActiveCfg = Release|Any CPU
		{9098AE1D-951D-42F8-907B-24C14886B503}.Ad-Hoc|iPhone.Build.0 = Release|Any CPU
		{9098AE1D-951D-42F8-907B-24C14886B503}.Ad-Hoc|iPhoneSimulator.ActiveCfg = Release|Any CPU
		{9098AE1D-951D-42F8-907B-24C14886B503}.Ad-Hoc|iPhoneSimulator.Build.0 = Release|Any CPU
		{9098AE1D-951D-42F8-907B-24C14886B503}.AppStore|Any CPU.ActiveCfg = Release|Any CPU
		{9098AE1D-951D-42F8-907B-24C14886B503}.AppStore|Any CPU.Build.0 = Release|Any CPU
		{9098AE1D-951D-42F8-907B-24C14886B503}.AppStore|iPhone.ActiveCfg = Release|Any CPU
		{9098AE1D-951D-42F8-907B-24C14886B503}.AppStore|iPhone.Build.0 = Release|Any CPU
		{9098AE1D-951D-42F8-907B-24C14886B503}.AppStore|iPhoneSimulator.ActiveCfg = Release|Any CPU
		{9098AE1D-951D-42F8-907B-24C14886B503}.AppStore|iPhoneSimulator.Build.0 = Release|Any CPU
		{9098AE1D-951D-42F8-907B-24C14886B503}.Debug|Any CPU.ActiveCfg = Debug|Any CPU
		{9098AE1D-951D-42F8-907B-24C14886B503}.Debug|Any CPU.Build.0 = Debug|Any CPU
		{9098AE1D-951D-42F8-907B-24C14886B503}.Debug|iPhone.ActiveCfg = Debug|Any CPU
		{9098AE1D-951D-42F8-907B-24C14886B503}.Debug|iPhone.Build.0 = Debug|Any CPU
		{9098AE1D-951D-42F8-907B-24C14886B503}.Debug|iPhoneSimulator.ActiveCfg = Debug|Any CPU
		{9098AE1D-951D-42F8-907B-24C14886B503}.Debug|iPhoneSimulator.Build.0 = Debug|Any CPU
		{9098AE1D-951D-42F8-907B-24C14886B503}.Release|Any CPU.ActiveCfg = Release|Any CPU
		{9098AE1D-951D-42F8-907B-24C14886B503}.Release|Any CPU.Build.0 = Release|Any CPU
		{9098AE1D-951D-42F8-907B-24C14886B503}.Release|iPhone.ActiveCfg = Release|Any CPU
		{9098AE1D-951D-42F8-907B-24C14886B503}.Release|iPhone.Build.0 = Release|Any CPU
		{9098AE1D-951D-42F8-907B-24C14886B503}.Release|iPhoneSimulator.ActiveCfg = Release|Any CPU
		{9098AE1D-951D-42F8-907B-24C14886B503}.Release|iPhoneSimulator.Build.0 = Release|Any CPU
	EndGlobalSection
	GlobalSection(SolutionProperties) = preSolution
		HideSolutionNode = FALSE
	EndGlobalSection
	GlobalSection(NestedProjects) = preSolution
		{F7290B9E-C821-4DA7-A4E5-824D9B0F70F2} = {08CA4EC8-8C67-4325-A09B-95E4B4ABFA05}
		{6DD98593-4498-463D-B16E-F6CC5A928B79} = {08CA4EC8-8C67-4325-A09B-95E4B4ABFA05}
		{5C9E2D3F-3E93-4F95-8A29-80055BD1D15A} = {98B921B7-5B2A-4E33-941F-119E72DF1908}
		{D52770C2-BAB3-4E25-8787-45CC74177A95} = {98B921B7-5B2A-4E33-941F-119E72DF1908}
		{503B71DB-1CCA-49CA-8C2F-7FAA87B5520A} = {98B921B7-5B2A-4E33-941F-119E72DF1908}
		{DD85E6B4-0CF7-469D-BF00-6FB24CB9F2B1} = {08CA4EC8-8C67-4325-A09B-95E4B4ABFA05}
		{B38723F0-E81C-4DB7-B362-FFEA31E2BDCB} = {98B921B7-5B2A-4E33-941F-119E72DF1908}
		{B613456E-80E9-4FA5-9E03-A6EE28CFD4C6} = {08CA4EC8-8C67-4325-A09B-95E4B4ABFA05}
		{9098AE1D-951D-42F8-907B-24C14886B503} = {08CA4EC8-8C67-4325-A09B-95E4B4ABFA05}
	EndGlobalSection
	GlobalSection(MonoDevelopProperties) = preSolution
		Policies = $0
		$0.DotNetNamingPolicy = $1
		$1.DirectoryNamespaceAssociation = PrefixedHierarchical
		$1.ResourceNamePolicy = FileFormatDefault
		$0.TextStylePolicy = $4
		$2.inheritsSet = null
		$2.scope = text/x-csharp
		$0.CSharpFormattingPolicy = $3
		$3.AutoPropertyFormatting = ForceOneLine
		$3.IndentPreprocessorDirectives = False
		$3.PropertyBraceStyle = NextLine
		$3.EventBraceStyle = NextLine
		$3.EmbeddedStatementPlacement = SameLine
		$3.ArrayInitializerBraceStyle = NextLine
		$3.BeforeMethodDeclarationParentheses = False
		$3.BeforeMethodCallParentheses = False
		$3.BeforeConstructorDeclarationParentheses = False
		$3.BeforeIndexerDeclarationBracket = False
		$3.BeforeDelegateDeclarationParentheses = False
		$3.AfterDelegateDeclarationParameterComma = True
		$3.NewParentheses = False
		$3.SpacesBeforeBrackets = False
		$3.AlignToFirstMethodDeclarationParameter = False
		$3.AlignToFirstIndexerDeclarationParameter = False
		$3.inheritsSet = Mono
		$3.inheritsScope = text/x-csharp
		$3.scope = text/x-csharp
		$4.FileWidth = 120
		$4.inheritsSet = VisualStudio
		$4.inheritsScope = text/plain
		$4.scope = text/plain
	EndGlobalSection
EndGlobal
